{
  "nodes": {
    "brew-src": {
      "flake": false,
      "locked": {
        "lastModified": 1789661079,
        "narHash": "sha256-geVTQ51PGZ1mLULM5k7wO7qt/6xenOR/YG8X7Q3eCaI=",
        "owner": "Homebrew",
        "repo": "brew",
        "rev": "edb70f031e4170c780799633a1226ff73e1077f4",
        "type": "github"
      },
      "original": {
        "owner": "Homebrew",
        "ref": "7.0.4",
        "repo": "brew",
        "type": "github"
      }
    },
    "catppuccin": {
      "inputs": {
        "nixpkgs": [
          "nixpkgs"
        ]
      },
      "locked": {
        "lastModified": 1787752705,
        "narHash": "sha256-9eJSxncX01i6tV/yushVG0+JadQhdll+aNfyDT3YvWg=",
        "owner": "catppuccin",
        "repo": "nix",
        "rev": "30ad3b76f1b20ed045d1dfd10ac2f3d89ff1df50",
        "type": "github"
      },
      "original": {
        "owner": "catppuccin",
        "ref": "release-26.05",
        "repo": "nix",
        "type": "github"
      }
    },
    "easy-hosts": {
      "locked": {
        "lastModified": 1779046777,
        "narHash": "sha256-pwM/welCvrTZwJFGhDFfZBD2WtbW1rUk+NTBv91rlEA=",
        "owner": "tgirlcloud",
        "repo": "easy-hosts",
        "rev": "218aa628740073cbaf136a3c4cfcdc90a61dd84f",
        "type": "github"
      },
      "original": {
        "owner": "tgirlcloud",
        "repo": "easy-hosts",
        "type": "github"
      }
    },
    "flake-parts": {
      "inputs": {
        "nixpkgs-lib": "nixpkgs-lib"
      },
      "locked": {
        "lastModified": 1790898470,
        "narHash": "sha256-zTwuwezD0w3hpga6a6P8emidzAZFyWqlNeRBlpWOOl8=",
        "owner": "hercules-ci",
        "repo": "flake-parts",
        "rev": "024633cd702b10285db5cb19b40ad48d2399ba60",
        "type": "github"
      },
      "original": {
        "owner": "hercules-ci",
        "repo": "flake-parts",
        "type": "github"
      }
    },
    "flake-parts_2": {
      "inputs": {
        "nixpkgs-lib": [
          "nur",
          "nixpkgs"
        ]
      },
      "locked": {
        "lastModified": 1733312601,
        "narHash": "sha256-4pDvzqnegAfRkPwO3wmwBhVi/Sye1mzps0zHWYnP88c=",
        "owner": "hercules-ci",
        "repo": "flake-parts",
        "rev": "205b12d8b7cd4802fbcb8e8ef6a0f1408781a4f9",
        "type": "github"
      },
      "original": {
        "owner": "hercules-ci",
        "repo": "flake-parts",
        "type": "github"
      }
    },
    "home-manager": {
      "inputs": {
        "nixpkgs": [
          "nixpkgs"
        ]
      },
      "locked": {
        "lastModified": 1790996401,
        "narHash": "sha256-f+kOxEmOUnQazVAmGg0i8hzwgd1kX/geY+k/Dpheye8=",
        "owner": "nix-community",
        "repo": "home-manager",
        "rev": "db7d5e2332710f5abb088f6b5de927d7f9511b35",
        "type": "github"
      },
      "original": {
        "owner": "nix-community",
        "ref": "release-26.05",
        "repo": "home-manager",
        "type": "github"
      }
    },
    "homebrew": {
      "flake": false,
      "locked": {
        "lastModified": 1790559791,
        "narHash": "sha256-0ENb+BXNLv4Upg+kpd3feZqDeg8cKevd3vZD0WJvlh4=",
        "owner": "Homebrew",
        "repo": "brew",
        "rev": "8e858db5584704dcd469b8e826228c0d5a5a94f6",
        "type": "github"
      },
      "original": {
        "owner": "Homebrew",
        "ref": "7.0.7",
        "repo": "brew",
        "type": "github"
      }
    },
    "homebrew-cask": {
      "flake": false,
      "locked": {
        "lastModified": 1791116458,
        "narHash": "sha256-UVL1zQY7POplTaVLZozsYLDNxo2k54eqWwne3o41Jh8=",
        "owner": "homebrew",
        "repo": "homebrew-cask",
        "rev": "673f5678e5952a4179cf90b8d80544f7ffb64e7c",
        "type": "github"
      },
      "original": {
        "owner": "homebrew",
        "repo": "homebrew-cask",
        "type": "github"
      }
    },
    "homebrew-core": {
      "flake": false,
      "locked": {
        "lastModified": 1791115142,
        "narHash": "sha256-uIuROfsSYIYSyHCgnGdfIvvS771mWXcZ4nG8kX8yAPg=",
        "owner": "homebrew",
        "repo": "homebrew-core",
        "rev": "4eea2102dc1499c56c03f4a4c9a9cc264371c551",
        "type": "github"
      },
      "original": {
        "owner": "homebrew",
        "repo": "homebrew-core",
        "type": "github"
      }
    },
    "import-tree": {
      "locked": {
        "lastModified": 1788467110,
        "narHash": "sha256-ljEMTXP/rH0tOvDzc9gzwww6KcHRPRnEHzd9lK48V7s=",
        "owner": "vic",
        "repo": "import-tree",
        "rev": "eb1b52eaecc57f7c136d07ae8a93e724dfecac46",
        "type": "github"
      },
      "original": {
        "owner": "vic",
        "repo": "import-tree",
        "type": "github"
      }
    },
    "infisical-cli": {
      "flake": false,
      "locked": {
        "lastModified": 1790731317,
        "narHash": "sha256-DWC7DZVCuHJALOcxtBRdhTniJ3J2YWDrAYKNRV84/2g=",
        "owner": "Infisical",
        "repo": "homebrew-get-cli",
        "rev": "5dde2e244dbec6918fade71c626ed38b0c0a4313",
        "type": "github"
      },
      "original": {
        "owner": "Infisical",
        "repo": "homebrew-get-cli",
        "type": "github"
      }
    },
    "nix-darwin": {
      "inputs": {
        "nixpkgs": [
          "nixpkgs"
        ]
      },
      "locked": {
        "lastModified": 1783744694,
        "narHash": "sha256-2cp6N3rrwnGYLTx9l6N+NI+kwrCWxvJUbj5WJhvB29A=",
        "owner": "nix-darwin",
        "repo": "nix-darwin",
        "rev": "c3e90c89649b07d1a96e4b9dd6cd0d6e44b91a74",
        "type": "github"
      },
      "original": {
        "owner": "nix-darwin",
        "ref": "nix-darwin-26.05",
        "repo": "nix-darwin",
        "type": "github"
      }
    },
    "nix-homebrew": {
      "inputs": {
        "brew-src": "brew-src"
      },
      "locked": {
        "lastModified": 1789928041,
        "narHash": "sha256-iV37ieTcE4ZLOYEe0VznW6dWMBe4lEL8AbK1vblyZGM=",
        "owner": "zhaofengli",
        "repo": "nix-homebrew",
        "rev": "c11cccfdd36dd69b5323d70d354b2853379c2426",
        "type": "github"
      },
      "original": {
        "owner": "zhaofengli",
        "repo": "nix-homebrew",
        "type": "github"
      }
    },
    "nix-vscode-extensions": {
      "inputs": {
        "nixpkgs": [
          "nixpkgs"
        ]
      },
      "locked": {
        "lastModified": 1791090937,
        "narHash": "sha256-MBvpk3Bvc/yuuyaYtXez5cXHzmQa2Yq6hZKRYhPu1LQ=",
        "owner": "nix-community",
        "repo": "nix-vscode-extensions",
        "rev": "b5637e0817f6e8010fa95317719353059f88d727",
        "type": "github"
      },
      "original": {
        "owner": "nix-community",
        "repo": "nix-vscode-extensions",
        "type": "github"
      }
    },
    "nix4vscode": {
      "inputs": {
        "nixpkgs": [
          "nixpkgs"
        ],
        "systems": "systems"
      },
      "locked": {
        "lastModified": 1791091584,
        "narHash": "sha256-jV5WXlBHFmJMo/KjljLTR9uT7hZiWyZQqlbccQlFv30=",
        "owner": "nix-community",
        "repo": "nix4vscode",
        "rev": "1f09d3c26109023e82b77064bcb205f550e4d42a",
        "type": "github"
      },
      "original": {
        "owner": "nix-community",
        "repo": "nix4vscode",
        "type": "github"
      }
    },
    "nixpkgs": {
      "locked": {
        "lastModified": 1791031588,
        "narHash": "sha256-/FGDr01siZ8txrVzkOz6CYjiz0XR27JuVJP+aWchi4s=",
        "owner": "NixOS",
        "repo": "nixpkgs",
        "rev": "825e2028c29b702a4a5f085f08095d12099784f2",
        "type": "github"
      },
      "original": {
        "owner": "NixOS",
        "ref": "nixos-26.05",
        "repo": "nixpkgs",
        "type": "github"
      }
    },
    "nixpkgs-firefox-darwin": {
      "inputs": {
        "nixpkgs": [
          "nixpkgs"
        ]
      },
      "locked": {
        "lastModified": 1791085358,
        "narHash": "sha256-dRZdgo3Ix9CP/Eol9KKUVoSPGs/enOUDKPtYZcfX7oM=",
        "owner": "bandithedoge",
        "repo": "nixpkgs-firefox-darwin",
        "rev": "83ecc86066373415a0b2390cfee8311a5103ad2b",
        "type": "github"
      },
      "original": {
        "owner": "bandithedoge",
        "repo": "nixpkgs-firefox-darwin",
        "type": "github"
      }
    },
    "nixpkgs-lib": {
      "locked": {
        "lastModified": 1790477367,
        "narHash": "sha256-oujbxmVKDhci2E4EM3KyAbRUgp5/IsCoiA/LfEF7OOk=",
        "owner": "nix-community",
        "repo": "nixpkgs.lib",
        "rev": "f7cd230690d9fc982d06129f9189b101fddcfa3b",
        "type": "github"
      },
      "original": {
        "owner": "nix-community",
        "repo": "nixpkgs.lib",
        "type": "github"
      }
    },
    "nixpkgs-unstable": {
      "locked": {
        "lastModified": 1790822859,
        "narHash": "sha256-69xHQhAeMAD2wDXO7T2pcOZIF9Sga2W+JkmY2a11Ops=",
        "owner": "NixOS",
        "repo": "nixpkgs",
        "rev": "c59305bab2065cfecc4944690d9eedbb56f3a9fa",
        "type": "github"
      },
      "original": {
        "owner": "NixOS",
        "ref": "nixos-unstable",
        "repo": "nixpkgs",
        "type": "github"
      }
    },
    "nur": {
      "inputs": {
        "flake-parts": "flake-parts_2",
        "nixpkgs": [
          "nixpkgs"
        ]
      },
      "locked": {
        "lastModified": 1791114875,
        "narHash": "sha256-YLT4XLMnA5gtKRFLA3GqUbYZzhskVK7tC1OuC7ovWIw=",
        "owner": "nix-community",
        "repo": "NUR",
        "rev": "f15af5255f44d990552632df6672f5daa4f1b2d0",
        "type": "github"
      },
      "original": {
        "owner": "nix-community",
        "repo": "NUR",
        "type": "github"
      }
    },
    "root": {
      "inputs": {
        "catppuccin": "catppuccin",
        "easy-hosts": "easy-hosts",
        "flake-parts": "flake-parts",
        "home-manager": "home-manager",
        "homebrew": "homebrew",
        "homebrew-cask": "homebrew-cask",
        "homebrew-core": "homebrew-core",
        "import-tree": "import-tree",
        "infisical-cli": "infisical-cli",
        "nix-darwin": "nix-darwin",
        "nix-homebrew": "nix-homebrew",
        "nix-vscode-extensions": "nix-vscode-extensions",
        "nix4vscode": "nix4vscode",
        "nixpkgs": "nixpkgs",
        "nixpkgs-firefox-darwin": "nixpkgs-firefox-darwin",
        "nixpkgs-unstable": "nixpkgs-unstable",
        "nur": "nur",
        "systems": "systems_2",
        "zed-extensions": "zed-extensions"
      }
    },
    "rust-overlay": {
      "inputs": {
        "nixpkgs": [
          "zed-extensions",
          "nixpkgs"
        ]
      },
      "locked": {
        "lastModified": 1788077403,
        "narHash": "sha256-c20YZQKzQ27qC6Wh729fWRTpI7oV4+7Ur4icKssD4Wc=",
        "owner": "oxalica",
        "repo": "rust-overlay",
        "rev": "89e26eeaafa88a2ede4778734acc794ff0299beb",
        "type": "github"
      },
      "original": {
        "owner": "oxalica",
        "repo": "rust-overlay",
        "type": "github"
      }
    },
    "systems": {
      "flake": false,
      "locked": {
        "lastModified": 1681028828,
        "narHash": "sha256-Vy1rq5AaRuLzOxct8nz4T6wlgyUR7zLU309k9mBC768=",
        "owner": "nix-systems",
        "repo": "default",
        "rev": "da67096a3b9bf56a91d16901293e51ba5b49a27e",
        "type": "github"
      },
      "original": {
        "owner": "nix-systems",
        "repo": "default",
        "type": "github"
      }
    },
    "systems_2": {
      "locked": {
        "lastModified": 1791244623,
        "narHash": "sha256-uuanbkFk8a313Zfrxdcz8Us/yQtaxNnKJtX8v0ZPpd8=",
        "owner": "nix-systems",
        "repo": "default",
        "rev": "d36eeed142f88b5a636f2e3856a53c61654cf29b",
        "type": "github"
      },
      "original": {
        "owner": "nix-systems",
        "repo": "default",
        "type": "github"
      }
    },
    "zed-extensions": {
      "inputs": {
        "nixpkgs": [
          "nixpkgs"
        ],
        "rust-overlay": "rust-overlay"
      },
      "locked": {
        "lastModified": 1790933243,
        "narHash": "sha256-PMFcnVHu0bNZ/KUOdbG0AuYOLZx/KzSYdLZ8GPgzFuM=",
        "owner": "DuskSystems",
        "repo": "nix-zed-extensions",
        "rev": "f3f82c0b6a9516ed92d1287425d2c7577f4424dd",
        "type": "github"
      },
      "original": {
        "owner": "DuskSystems",
        "repo": "nix-zed-extensions",
        "type": "github"
      }
    }
  },
  "root": "root",
  "version": 7
}
